
Microsoft Visual Studio Solution File, Format Version 12.00
# Visual Studio Version 17
VisualStudioVersion = 17.10.35013.160
MinimumVisualStudioVersion = 10.0.40219.1
Project("{FAE04EC0-301F-11D3-BF4B-00C04F79EFBC}") = "EmployeeHR", "EmployeeHR\EmployeeHR.csproj", "{20F2982B-9583-4869-9358-2C4F30F08B03}"
EndProject
Global
	GlobalSection(SolutionConfigurationPlatforms) = preSolution
		Debug|Any CPU = Debug|Any CPU
		Release|Any CPU = Release|Any CPU
	EndGlobalSection
	GlobalSection(ProjectConfigurationPlatforms) = postSolution
		{20F2982B-9583-4869-9358-2C4F30F08B03}.Debug|Any CPU.ActiveCfg = Debug|Any CPU
		{20F2982B-9583-4869-9358-2C4F30F08B03}.Debug|Any CPU.Build.0 = Debug|Any CPU
		{20F2982B-9583-4869-9358-2C4F30F08B03}.Release|Any CPU.ActiveCfg = Release|Any CPU
		{20F2982B-9583-4869-9358-2C4F30F08B03}.Release|Any CPU.Build.0 = Release|Any CPU
	EndGlobalSection
	GlobalSection(SolutionProperties) = preSolution
		HideSolutionNode = FALSE
	EndGlobalSection
	GlobalSection(ExtensibilityGlobals) = postSolution
		SolutionGuid = {EA3344AB-A360-4BD6-B39B-66AA4A6AD495}
	EndGlobalSection
EndGlobal
